// !$*UTF8*$!
{
	archiveVersion = 1;
	classes = {
	};
	objectVersion = 55;
	objects = {

/* Begin PBXBuildFile section */
		D8359C9128C77CCF00BDE145 /* AppDelegate.swift in Sources */ = {isa = PBXBuildFile; fileRef = D8359C9028C77CCF00BDE145 /* AppDelegate.swift */; };
		D8359C9328C77CCF00BDE145 /* SceneDelegate.swift in Sources */ = {isa = PBXBuildFile; fileRef = D8359C9228C77CCF00BDE145 /* SceneDelegate.swift */; };
		D8359C9528C77CCF00BDE145 /* ViewController.swift in Sources */ = {isa = PBXBuildFile; fileRef = D8359C9428C77CCF00BDE145 /* ViewController.swift */; };
		D8359C9828C77CCF00BDE145 /* Main.storyboard in Resources */ = {isa = PBXBuildFile; fileRef = D8359C9628C77CCF00BDE145 /* Main.storyboard */; };
		D8359C9B28C77CCF00BDE145 /* Mod2AppCalculator_Widhalm.xcdatamodeld in Sources */ = {isa = PBXBuildFile; fileRef = D8359C9928C77CCF00BDE145 /* Mod2AppCalculator_Widhalm.xcdatamodeld */; };
		D8359C9D28C77CD000BDE145 /* Assets.xcassets in Resources */ = {isa = PBXBuildFile; fileRef = D8359C9C28C77CD000BDE145 /* Assets.xcassets */; };
		D8359CA028C77CD000BDE145 /* LaunchScreen.storyboard in Resources */ = {isa = PBXBuildFile; fileRef = D8359C9E28C77CD000BDE145 /* LaunchScreen.storyboard */; };
		D8359CAB28C77CD000BDE145 /* Mod2AppCalculator_WidhalmTests.swift in Sources */ = {isa = PBXBuildFile; fileRef = D8359CAA28C77CD000BDE145 /* Mod2AppCalculator_WidhalmTests.swift */; };
		D8359CB528C77CD000BDE145 /* Mod2AppCalculator_WidhalmUITests.swift in Sources */ = {isa = PBXBuildFile; fileRef = D8359CB428C77CD000BDE145 /* Mod2AppCalculator_WidhalmUITests.swift */; };
		D8359CB728C77CD000BDE145 /* Mod2AppCalculator_WidhalmUITestsLaunchTests.swift in Sources */ = {isa = PBXBuildFile; fileRef = D8359CB628C77CD000BDE145 /* Mod2AppCalculator_WidhalmUITestsLaunchTests.swift */; };
/* End PBXBuildFile section */

/* Begin PBXContainerItemProxy section */
		D8359CA728C77CD000BDE145 /* PBXContainerItemProxy */ = {
			isa = PBXContainerItemProxy;
			containerPortal = D8359C8528C77CCF00BDE145 /* Project object */;
			proxyType = 1;
			remoteGlobalIDString = D8359C8C28C77CCF00BDE145;
			remoteInfo = Mod2AppCalculator_Widhalm;
		};
		D8359CB128C77CD000BDE145 /* PBXContainerItemProxy */ = {
			isa = PBXContainerItemProxy;
			containerPortal = D8359C8528C77CCF00BDE145 /* Project object */;
			proxyType = 1;
			remoteGlobalIDString = D8359C8C28C77CCF00BDE145;
			remoteInfo = Mod2AppCalculator_Widhalm;
		};
/* End PBXContainerItemProxy section */

/* Begin PBXFileReference section */
		D8359C8D28C77CCF00BDE145 /* Mod2AppCalculator_Widhalm.app */ = {isa = PBXFileReference; explicitFileType = wrapper.application; includeInIndex = 0; path = Mod2AppCalculator_Widhalm.app; sourceTree = BUILT_PRODUCTS_DIR; };
		D8359C9028C77CCF00BDE145 /* AppDelegate.swift */ = {isa = PBXFileReference; lastKnownFileType = sourcecode.swift; path = AppDelegate.swift; sourceTree = "<group>"; };
		D8359C9228C77CCF00BDE145 /* SceneDelegate.swift */ = {isa = PBXFileReference; lastKnownFileType = sourcecode.swift; path = SceneDelegate.swift; sourceTree = "<group>"; };
		D8359C9428C77CCF00BDE145 /* ViewController.swift */ = {isa = PBXFileReference; lastKnownFileType = sourcecode.swift; path = ViewController.swift; sourceTree = "<group>"; };
		D8359C9728C77CCF00BDE145 /* Base */ = {isa = PBXFileReference; lastKnownFileType = file.storyboard; name = Base; path = Base.lproj/Main.storyboard; sourceTree = "<group>"; };
		D8359C9A28C77CCF00BDE145 /* Mod2AppCalculator_Widhalm.xcdatamodel */ = {isa = PBXFileReference; lastKnownFileType = wrapper.xcdatamodel; path = Mod2AppCalculator_Widhalm.xcdatamodel; sourceTree = "<group>"; };
		D8359C9C28C77CD000BDE145 /* Assets.xcassets */ = {isa = PBXFileReference; lastKnownFileType = folder.assetcatalog; path = Assets.xcassets; sourceTree = "<group>"; };
		D8359C9F28C77CD000BDE145 /* Base */ = {isa = PBXFileReference; lastKnownFileType = file.storyboard; name = Base; path = Base.lproj/LaunchScreen.storyboard; sourceTree = "<group>"; };
		D8359CA128C77CD000BDE145 /* Info.plist */ = {isa = PBXFileReference; lastKnownFileType = text.plist.xml; path = Info.plist; sourceTree = "<group>"; };
		D8359CA628C77CD000BDE145 /* Mod2AppCalculator_WidhalmTests.xctest */ = {isa = PBXFileReference; explicitFileType = wrapper.cfbundle; includeInIndex = 0; path = Mod2AppCalculator_WidhalmTests.xctest; sourceTree = BUILT_PRODUCTS_DIR; };
		D8359CAA28C77CD000BDE145 /* Mod2AppCalculator_WidhalmTests.swift */ = {isa = PBXFileReference; lastKnownFileType = sourcecode.swift; path = Mod2AppCalculator_WidhalmTests.swift; sourceTree = "<group>"; };
		D8359CB028C77CD000BDE145 /* Mod2AppCalculator_WidhalmUITests.xctest */ = {isa = PBXFileReference; explicitFileType = wrapper.cfbundle; includeInIndex = 0; path = Mod2AppCalculator_WidhalmUITests.xctest; sourceTree = BUILT_PRODUCTS_DIR; };
		D8359CB428C77CD000BDE145 /* Mod2AppCalculator_WidhalmUITests.swift */ = {isa = PBXFileReference; lastKnownFileType = sourcecode.swift; path = Mod2AppCalculator_WidhalmUITests.swift; sourceTree = "<group>"; };
		D8359CB628C77CD000BDE145 /* Mod2AppCalculator_WidhalmUITestsLaunchTests.swift */ = {isa = PBXFileReference; lastKnownFileType = sourcecode.swift; path = Mod2AppCalculator_WidhalmUITestsLaunchTests.swift; sourceTree = "<group>"; };
/* End PBXFileReference section */

/* Begin PBXFrameworksBuildPhase section */
		D8359C8A28C77CCF00BDE145 /* Frameworks */ = {
			isa = PBXFrameworksBuildPhase;
			buildActionMask = 2147483647;
			files = (
			);
			runOnlyForDeploymentPostprocessing = 0;
		};
		D8359CA328C77CD000BDE145 /* Frameworks */ = {
			isa = PBXFrameworksBuildPhase;
			buildActionMask = 2147483647;
			files = (
			);
			runOnlyForDeploymentPostprocessing = 0;
		};
		D8359CAD28C77CD000BDE145 /* Frameworks */ = {
			isa = PBXFrameworksBuildPhase;
			buildActionMask = 2147483647;
			files = (
			);
			runOnlyForDeploymentPostprocessing = 0;
		};
/* End PBXFrameworksBuildPhase section */

/* Begin PBXGroup section */
		D8359C8428C77CCF00BDE145 = {
			isa = PBXGroup;
			children = (
				D8359C8F28C77CCF00BDE145 /* Mod2AppCalculator_Widhalm */,
				D8359CA928C77CD000BDE145 /* Mod2AppCalculator_WidhalmTests */,
				D8359CB328C77CD000BDE145 /* Mod2AppCalculator_WidhalmUITests */,
				D8359C8E28C77CCF00BDE145 /* Products */,
			);
			sourceTree = "<group>";
		};
		D8359C8E28C77CCF00BDE145 /* Products */ = {
			isa = PBXGroup;
			children = (
				D8359C8D28C77CCF00BDE145 /* Mod2AppCalculator_Widhalm.app */,
				D8359CA628C77CD000BDE145 /* Mod2AppCalculator_WidhalmTests.xctest */,
				D8359CB028C77CD000BDE145 /* Mod2AppCalculator_WidhalmUITests.xctest */,
			);
			name = Products;
			sourceTree = "<group>";
		};
		D8359C8F28C77CCF00BDE145 /* Mod2AppCalculator_Widhalm */ = {
			isa = PBXGroup;
			children = (
				D8359C9028C77CCF00BDE145 /* AppDelegate.swift */,
				D8359C9228C77CCF00BDE145 /* SceneDelegate.swift */,
				D8359C9428C77CCF00BDE145 /* ViewController.swift */,
				D8359C9628C77CCF00BDE145 /* Main.storyboard */,
				D8359C9C28C77CD000BDE145 /* Assets.xcassets */,
				D8359C9E28C77CD000BDE145 /* LaunchScreen.storyboard */,
				D8359CA128C77CD000BDE145 /* Info.plist */,
				D8359C9928C77CCF00BDE145 /* Mod2AppCalculator_Widhalm.xcdatamodeld */,
			);
			path = Mod2AppCalculator_Widhalm;
			sourceTree = "<group>";
		};
		D8359CA928C77CD000BDE145 /* Mod2AppCalculator_WidhalmTests */ = {
			isa = PBXGroup;
			children = (
				D8359CAA28C77CD000BDE145 /* Mod2AppCalculator_WidhalmTests.swift */,
			);
			path = Mod2AppCalculator_WidhalmTests;
			sourceTree = "<group>";
		};
		D8359CB328C77CD000BDE145 /* Mod2AppCalculator_WidhalmUITests */ = {
			isa = PBXGroup;
			children = (
				D8359CB428C77CD000BDE145 /* Mod2AppCalculator_WidhalmUITests.swift */,
				D8359CB628C77CD000BDE145 /* Mod2AppCalculator_WidhalmUITestsLaunchTests.swift */,
			);
			path = Mod2AppCalculator_WidhalmUITests;
			sourceTree = "<group>";
		};
/* End PBXGroup section */

/* Begin PBXNativeTarget section */
		D8359C8C28C77CCF00BDE145 /* Mod2AppCalculator_Widhalm */ = {
			isa = PBXNativeTarget;
			buildConfigurationList = D8359CBA28C77CD000BDE145 /* Build configuration list for PBXNativeTarget "Mod2AppCalculator_Widhalm" */;
			buildPhases = (
				D8359C8928C77CCF00BDE145 /* Sources */,
				D8359C8A28C77CCF00BDE145 /* Frameworks */,
				D8359C8B28C77CCF00BDE145 /* Resources */,
			);
			buildRules = (
			);
			dependencies = (
			);
			name = Mod2AppCalculator_Widhalm;
			productName = Mod2AppCalculator_Widhalm;
			productReference = D8359C8D28C77CCF00BDE145 /* Mod2AppCalculator_Widhalm.app */;
			productType = "com.apple.product-type.application";
		};
		D8359CA528C77CD000BDE145 /* Mod2AppCalculator_WidhalmTests */ = {
			isa = PBXNativeTarget;
			buildConfigurationList = D8359CBD28C77CD000BDE145 /* Build configuration list for PBXNativeTarget "Mod2AppCalculator_WidhalmTests" */;
			buildPhases = (
				D8359CA228C77CD000BDE145 /* Sources */,
				D8359CA328C77CD000BDE145 /* Frameworks */,
				D8359CA428C77CD000BDE145 /* Resources */,
			);
			buildRules = (
			);
			dependencies = (
				D8359CA828C77CD000BDE145 /* PBXTargetDependency */,
			);
			name = Mod2AppCalculator_WidhalmTests;
			productName = Mod2AppCalculator_WidhalmTests;
			productReference = D8359CA628C77CD000BDE145 /* Mod2AppCalculator_WidhalmTests.xctest */;
			productType = "com.apple.product-type.bundle.unit-test";
		};
		D8359CAF28C77CD000BDE145 /* Mod2AppCalculator_WidhalmUITests */ = {
			isa = PBXNativeTarget;
			buildConfigurationList = D8359CC028C77CD000BDE145 /* Build configuration list for PBXNativeTarget "Mod2AppCalculator_WidhalmUITests" */;
			buildPhases = (
				D8359CAC28C77CD000BDE145 /* Sources */,
				D8359CAD28C77CD000BDE145 /* Frameworks */,
				D8359CAE28C77CD000BDE145 /* Resources */,
			);
			buildRules = (
			);
			dependencies = (
				D8359CB228C77CD000BDE145 /* PBXTargetDependency */,
			);
			name = Mod2AppCalculator_WidhalmUITests;
			productName = Mod2AppCalculator_WidhalmUITests;
			productReference = D8359CB028C77CD000BDE145 /* Mod2AppCalculator_WidhalmUITests.xctest */;
			productType = "com.apple.product-type.bundle.ui-testing";
		};
/* End PBXNativeTarget section */

/* Begin PBXProject section */
		D8359C8528C77CCF00BDE145 /* Project object */ = {
			isa = PBXProject;
			attributes = {
				BuildIndependentTargetsInParallel = 1;
				LastSwiftUpdateCheck = 1340;
				LastUpgradeCheck = 1340;
				TargetAttributes = {
					D8359C8C28C77CCF00BDE145 = {
						CreatedOnToolsVersion = 13.4.1;
					};
					D8359CA528C77CD000BDE145 = {
						CreatedOnToolsVersion = 13.4.1;
						TestTargetID = D8359C8C28C77CCF00BDE145;
					};
					D8359CAF28C77CD000BDE145 = {
						CreatedOnToolsVersion = 13.4.1;
						TestTargetID = D8359C8C28C77CCF00BDE145;
					};
				};
			};
			buildConfigurationList = D8359C8828C77CCF00BDE145 /* Build configuration list for PBXProject "Mod2AppCalculator_Widhalm" */;
			compatibilityVersion = "Xcode 13.0";
			developmentRegion = en;
			hasScannedForEncodings = 0;
			knownRegions = (
				en,
				Base,
			);
			mainGroup = D8359C8428C77CCF00BDE145;
			productRefGroup = D8359C8E28C77CCF00BDE145 /* Products */;
			projectDirPath = "";
			projectRoot = "";
			targets = (
				D8359C8C28C77CCF00BDE145 /* Mod2AppCalculator_Widhalm */,
				D8359CA528C77CD000BDE145 /* Mod2AppCalculator_WidhalmTests */,
				D8359CAF28C77CD000BDE145 /* Mod2AppCalculator_WidhalmUITests */,
			);
		};
/* End PBXProject section */

/* Begin PBXResourcesBuildPhase section */
		D8359C8B28C77CCF00BDE145 /* Resources */ = {
			isa = PBXResourcesBuildPhase;
			buildActionMask = 2147483647;
			files = (
				D8359CA028C77CD000BDE145 /* LaunchScreen.storyboard in Resources */,
				D8359C9D28C77CD000BDE145 /* Assets.xcassets in Resources */,
				D8359C9828C77CCF00BDE145 /* Main.storyboard in Resources */,
			);
			runOnlyForDeploymentPostprocessing = 0;
		};
		D8359CA428C77CD000BDE145 /* Resources */ = {
			isa = PBXResourcesBuildPhase;
			buildActionMask = 2147483647;
			files = (
			);
			runOnlyForDeploymentPostprocessing = 0;
		};
		D8359CAE28C77CD000BDE145 /* Resources */ = {
			isa = PBXResourcesBuildPhase;
			buildActionMask = 2147483647;
			files = (
			);
			runOnlyForDeploymentPostprocessing = 0;
		};
/* End PBXResourcesBuildPhase section */

/* Begin PBXSourcesBuildPhase section */
		D8359C8928C77CCF00BDE145 /* Sources */ = {
			isa = PBXSourcesBuildPhase;
			buildActionMask = 2147483647;
			files = (
				D8359C9B28C77CCF00BDE145 /* Mod2AppCalculator_Widhalm.xcdatamodeld in Sources */,
				D8359C9528C77CCF00BDE145 /* ViewController.swift in Sources */,
				D8359C9128C77CCF00BDE145 /* AppDelegate.swift in Sources */,
				D8359C9328C77CCF00BDE145 /* SceneDelegate.swift in Sources */,
			);
			runOnlyForDeploymentPostprocessing = 0;
		};
		D8359CA228C77CD000BDE145 /* Sources */ = {
			isa = PBXSourcesBuildPhase;
			buildActionMask = 2147483647;
			files = (
				D8359CAB28C77CD000BDE145 /* Mod2AppCalculator_WidhalmTests.swift in Sources */,
			);
			runOnlyForDeploymentPostprocessing = 0;
		};
		D8359CAC28C77CD000BDE145 /* Sources */ = {
			isa = PBXSourcesBuildPhase;
			buildActionMask = 2147483647;
			files = (
				D8359CB528C77CD000BDE145 /* Mod2AppCalculator_WidhalmUITests.swift in Sources */,
				D8359CB728C77CD000BDE145 /* Mod2AppCalculator_WidhalmUITestsLaunchTests.swift in Sources */,
			);
			runOnlyForDeploymentPostprocessing = 0;
		};
/* End PBXSourcesBuildPhase section */

/* Begin PBXTargetDependency section */
		D8359CA828C77CD000BDE145 /* PBXTargetDependency */ = {
			isa = PBXTargetDependency;
			target = D8359C8C28C77CCF00BDE145 /* Mod2AppCalculator_Widhalm */;
			targetProxy = D8359CA728C77CD000BDE145 /* PBXContainerItemProxy */;
		};
		D8359CB228C77CD000BDE145 /* PBXTargetDependency */ = {
			isa = PBXTargetDependency;
			target = D8359C8C28C77CCF00BDE145 /* Mod2AppCalculator_Widhalm */;
			targetProxy = D8359CB128C77CD000BDE145 /* PBXContainerItemProxy */;
		};
/* End PBXTargetDependency section */

/* Begin PBXVariantGroup section */
		D8359C9628C77CCF00BDE145 /* Main.storyboard */ = {
			isa = PBXVariantGroup;
			children = (
				D8359C9728C77CCF00BDE145 /* Base */,
			);
			name = Main.storyboard;
			sourceTree = "<group>";
		};
		D8359C9E28C77CD000BDE145 /* LaunchScreen.storyboard */ = {
			isa = PBXVariantGroup;
			children = (
				D8359C9F28C77CD000BDE145 /* Base */,
			);
			name = LaunchScreen.storyboard;
			sourceTree = "<group>";
		};
/* End PBXVariantGroup section */

/* Begin XCBuildConfiguration section */
		D8359CB828C77CD000BDE145 /* Debug */ = {
			isa = XCBuildConfiguration;
			buildSettings = {
				ALWAYS_SEARCH_USER_PATHS = NO;
				CLANG_ANALYZER_NONNULL = YES;
				CLANG_ANALYZER_NUMBER_OBJECT_CONVERSION = YES_AGGRESSIVE;
				CLANG_CXX_LANGUAGE_STANDARD = "gnu++17";
				CLANG_ENABLE_MODULES = YES;
				CLANG_ENABLE_OBJC_ARC = YES;
				CLANG_ENABLE_OBJC_WEAK = YES;
				CLANG_WARN_BLOCK_CAPTURE_AUTORELEASING = YES;
				CLANG_WARN_BOOL_CONVERSION = YES;
				CLANG_WARN_COMMA = YES;
				CLANG_WARN_CONSTANT_CONVERSION = YES;
				CLANG_WARN_DEPRECATED_OBJC_IMPLEMENTATIONS = YES;
				CLANG_WARN_DIRECT_OBJC_ISA_USAGE = YES_ERROR;
				CLANG_WARN_DOCUMENTATION_COMMENTS = YES;
				CLANG_WARN_EMPTY_BODY = YES;
				CLANG_WARN_ENUM_CONVERSION = YES;
				CLANG_WARN_INFINITE_RECURSION = YES;
				CLANG_WARN_INT_CONVERSION = YES;
				CLANG_WARN_NON_LITERAL_NULL_CONVERSION = YES;
				CLANG_WARN_OBJC_IMPLICIT_RETAIN_SELF = YES;
				CLANG_WARN_OBJC_LITERAL_CONVERSION = YES;
				CLANG_WARN_OBJC_ROOT_CLASS = YES_ERROR;
				CLANG_WARN_QUOTED_INCLUDE_IN_FRAMEWORK_HEADER = YES;
				CLANG_WARN_RANGE_LOOP_ANALYSIS = YES;
				CLANG_WARN_STRICT_PROTOTYPES = YES;
				CLANG_WARN_SUSPICIOUS_MOVE = YES;
				CLANG_WARN_UNGUARDED_AVAILABILITY = YES_AGGRESSIVE;
				CLANG_WARN_UNREACHABLE_CODE = YES;
				CLANG_WARN__DUPLICATE_METHOD_MATCH = YES;
				COPY_PHASE_STRIP = NO;
				DEBUG_INFORMATION_FORMAT = dwarf;
				ENABLE_STRICT_OBJC_MSGSEND = YES;
				ENABLE_TESTABILITY = YES;
				GCC_C_LANGUAGE_STANDARD = gnu11;
				GCC_DYNAMIC_NO_PIC = NO;
				GCC_NO_COMMON_BLOCKS = YES;
				GCC_OPTIMIZATION_LEVEL = 0;
				GCC_PREPROCESSOR_DEFINITIONS = (
					"DEBUG=1",
					"$(inherited)",
				);
				GCC_WARN_64_TO_32_BIT_CONVERSION = YES;
				GCC_WARN_ABOUT_RETURN_TYPE = YES_ERROR;
				GCC_WARN_UNDECLARED_SELECTOR = YES;
				GCC_WARN_UNINITIALIZED_AUTOS = YES_AGGRESSIVE;
				GCC_WARN_UNUSED_FUNCTION = YES;
				GCC_WARN_UNUSED_VARIABLE = YES;
				IPHONEOS_DEPLOYMENT_TARGET = 15.5;
				MTL_ENABLE_DEBUG_INFO = INCLUDE_SOURCE;
				MTL_FAST_MATH = YES;
				ONLY_ACTIVE_ARCH = YES;
				SDKROOT = iphoneos;
				SWIFT_ACTIVE_COMPILATION_CONDITIONS = DEBUG;
				SWIFT_OPTIMIZATION_LEVEL = "-Onone";
			};
			name = Debug;
		};
		D8359CB928C77CD000BDE145 /* Release */ = {
			isa = XCBuildConfiguration;
			buildSettings = {
				ALWAYS_SEARCH_USER_PATHS = NO;
				CLANG_ANALYZER_NONNULL = YES;
				CLANG_ANALYZER_NUMBER_OBJECT_CONVERSION = YES_AGGRESSIVE;
				CLANG_CXX_LANGUAGE_STANDARD = "gnu++17";
				CLANG_ENABLE_MODULES = YES;
				CLANG_ENABLE_OBJC_ARC = YES;
				CLANG_ENABLE_OBJC_WEAK = YES;
				CLANG_WARN_BLOCK_CAPTURE_AUTORELEASING = YES;
				CLANG_WARN_BOOL_CONVERSION = YES;
				CLANG_WARN_COMMA = YES;
				CLANG_WARN_CONSTANT_CONVERSION = YES;
				CLANG_WARN_DEPRECATED_OBJC_IMPLEMENTATIONS = YES;
				CLANG_WARN_DIRECT_OBJC_ISA_USAGE = YES_ERROR;
				CLANG_WARN_DOCUMENTATION_COMMENTS = YES;
				CLANG_WARN_EMPTY_BODY = YES;
				CLANG_WARN_ENUM_CONVERSION = YES;
				CLANG_WARN_INFINITE_RECURSION = YES;
				CLANG_WARN_INT_CONVERSION = YES;
				CLANG_WARN_NON_LITERAL_NULL_CONVERSION = YES;
				CLANG_WARN_OBJC_IMPLICIT_RETAIN_SELF = YES;
				CLANG_WARN_OBJC_LITERAL_CONVERSION = YES;
				CLANG_WARN_OBJC_ROOT_CLASS = YES_ERROR;
				CLANG_WARN_QUOTED_INCLUDE_IN_FRAMEWORK_HEADER = YES;
				CLANG_WARN_RANGE_LOOP_ANALYSIS = YES;
				CLANG_WARN_STRICT_PROTOTYPES = YES;
				CLANG_WARN_SUSPICIOUS_MOVE = YES;
				CLANG_WARN_UNGUARDED_AVAILABILITY = YES_AGGRESSIVE;
				CLANG_WARN_UNREACHABLE_CODE = YES;
				CLANG_WARN__DUPLICATE_METHOD_MATCH = YES;
				COPY_PHASE_STRIP = NO;
				DEBUG_INFORMATION_FORMAT = "dwarf-with-dsym";
				ENABLE_NS_ASSERTIONS = NO;
				ENABLE_STRICT_OBJC_MSGSEND = YES;
				GCC_C_LANGUAGE_STANDARD = gnu11;
				GCC_NO_COMMON_BLOCKS = YES;
				GCC_WARN_64_TO_32_BIT_CONVERSION = YES;
				GCC_WARN_ABOUT_RETURN_TYPE = YES_ERROR;
				GCC_WARN_UNDECLARED_SELECTOR = YES;
				GCC_WARN_UNINITIALIZED_AUTOS = YES_AGGRESSIVE;
				GCC_WARN_UNUSED_FUNCTION = YES;
				GCC_WARN_UNUSED_VARIABLE = YES;
				IPHONEOS_DEPLOYMENT_TARGET = 15.5;
				MTL_ENABLE_DEBUG_INFO = NO;
				MTL_FAST_MATH = YES;
				SDKROOT = iphoneos;
				SWIFT_COMPILATION_MODE = wholemodule;
				SWIFT_OPTIMIZATION_LEVEL = "-O";
				VALIDATE_PRODUCT = YES;
			};
			name = Release;
		};
		D8359CBB28C77CD000BDE145 /* Debug */ = {
			isa = XCBuildConfiguration;
			buildSettings = {
				ASSETCATALOG_COMPILER_APPICON_NAME = AppIcon;
				ASSETCATALOG_COMPILER_GLOBAL_ACCENT_COLOR_NAME = AccentColor;
				CODE_SIGN_STYLE = Automatic;
				CURRENT_PROJECT_VERSION = 1;
				DEVELOPMENT_TEAM = V7WH4PG3BA;
				GENERATE_INFOPLIST_FILE = YES;
				INFOPLIST_FILE = Mod2AppCalculator_Widhalm/Info.plist;
				INFOPLIST_KEY_UIApplicationSupportsIndirectInputEvents = YES;
				INFOPLIST_KEY_UILaunchStoryboardName = LaunchScreen;
				INFOPLIST_KEY_UIMainStoryboardFile = Main;
				INFOPLIST_KEY_UISupportedInterfaceOrientations_iPad = "UIInterfaceOrientationPortrait UIInterfaceOrientationPortraitUpsideDown UIInterfaceOrientationLandscapeLeft UIInterfaceOrientationLandscapeRight";
				INFOPLIST_KEY_UISupportedInterfaceOrientations_iPhone = "UIInterfaceOrientationPortrait UIInterfaceOrientationLandscapeLeft UIInterfaceOrientationLandscapeRight";
				LD_RUNPATH_SEARCH_PATHS = (
					"$(inherited)",
					"@executable_path/Frameworks",
				);
				MARKETING_VERSION = 1.0;
				PRODUCT_BUNDLE_IDENTIFIER = "CLC.Mod2AppCalculator-Widhalm";
				PRODUCT_NAME = "$(TARGET_NAME)";
				SWIFT_EMIT_LOC_STRINGS = YES;
				SWIFT_VERSION = 5.0;
				TARGETED_DEVICE_FAMILY = "1,2";
			};
			name = Debug;
		};
		D8359CBC28C77CD000BDE145 /* Release */ = {
			isa = XCBuildConfiguration;
			buildSettings = {
				ASSETCATALOG_COMPILER_APPICON_NAME = AppIcon;
				ASSETCATALOG_COMPILER_GLOBAL_ACCENT_COLOR_NAME = AccentColor;
				CODE_SIGN_STYLE = Automatic;
				CURRENT_PROJECT_VERSION = 1;
				DEVELOPMENT_TEAM = V7WH4PG3BA;
				GENERATE_INFOPLIST_FILE = YES;
				INFOPLIST_FILE = Mod2AppCalculator_Widhalm/Info.plist;
				INFOPLIST_KEY_UIApplicationSupportsIndirectInputEvents = YES;
				INFOPLIST_KEY_UILaunchStoryboardName = LaunchScreen;
				INFOPLIST_KEY_UIMainStoryboardFile = Main;
				INFOPLIST_KEY_UISupportedInterfaceOrientations_iPad = "UIInterfaceOrientationPortrait UIInterfaceOrientationPortraitUpsideDown UIInterfaceOrientationLandscapeLeft UIInterfaceOrientationLandscapeRight";
				INFOPLIST_KEY_UISupportedInterfaceOrientations_iPhone = "UIInterfaceOrientationPortrait UIInterfaceOrientationLandscapeLeft UIInterfaceOrientationLandscapeRight";
				LD_RUNPATH_SEARCH_PATHS = (
					"$(inherited)",
					"@executable_path/Frameworks",
				);
				MARKETING_VERSION = 1.0;
				PRODUCT_BUNDLE_IDENTIFIER = "CLC.Mod2AppCalculator-Widhalm";
				PRODUCT_NAME = "$(TARGET_NAME)";
				SWIFT_EMIT_LOC_STRINGS = YES;
				SWIFT_VERSION = 5.0;
				TARGETED_DEVICE_FAMILY = "1,2";
			};
			name = Release;
		};
		D8359CBE28C77CD000BDE145 /* Debug */ = {
			isa = XCBuildConfiguration;
			buildSettings = {
				ALWAYS_EMBED_SWIFT_STANDARD_LIBRARIES = YES;
				BUNDLE_LOADER = "$(TEST_HOST)";
				CODE_SIGN_STYLE = Automatic;
				CURRENT_PROJECT_VERSION = 1;
				DEVELOPMENT_TEAM = V7WH4PG3BA;
				GENERATE_INFOPLIST_FILE = YES;
				IPHONEOS_DEPLOYMENT_TARGET = 15.5;
				MARKETING_VERSION = 1.0;
				PRODUCT_BUNDLE_IDENTIFIER = "CLC.Mod2AppCalculator-WidhalmTests";
				PRODUCT_NAME = "$(TARGET_NAME)";
				SWIFT_EMIT_LOC_STRINGS = NO;
				SWIFT_VERSION = 5.0;
				TARGETED_DEVICE_FAMILY = "1,2";
				TEST_HOST = "$(BUILT_PRODUCTS_DIR)/Mod2AppCalculator_Widhalm.app/Mod2AppCalculator_Widhalm";
			};
			name = Debug;
		};
		D8359CBF28C77CD000BDE145 /* Release */ = {
			isa = XCBuildConfiguration;
			buildSettings = {
				ALWAYS_EMBED_SWIFT_STANDARD_LIBRARIES = YES;
				BUNDLE_LOADER = "$(TEST_HOST)";
				CODE_SIGN_STYLE = Automatic;
				CURRENT_PROJECT_VERSION = 1;
				DEVELOPMENT_TEAM = V7WH4PG3BA;
				GENERATE_INFOPLIST_FILE = YES;
				IPHONEOS_DEPLOYMENT_TARGET = 15.5;
				MARKETING_VERSION = 1.0;
				PRODUCT_BUNDLE_IDENTIFIER = "CLC.Mod2AppCalculator-WidhalmTests";
				PRODUCT_NAME = "$(TARGET_NAME)";
				SWIFT_EMIT_LOC_STRINGS = NO;
				SWIFT_VERSION = 5.0;
				TARGETED_DEVICE_FAMILY = "1,2";
				TEST_HOST = "$(BUILT_PRODUCTS_DIR)/Mod2AppCalculator_Widhalm.app/Mod2AppCalculator_Widhalm";
			};
			name = Release;
		};
		D8359CC128C77CD000BDE145 /* Debug */ = {
			isa = XCBuildConfiguration;
			buildSettings = {
				ALWAYS_EMBED_SWIFT_STANDARD_LIBRARIES = YES;
				CODE_SIGN_STYLE = Automatic;
				CURRENT_PROJECT_VERSION = 1;
				DEVELOPMENT_TEAM = V7WH4PG3BA;
				GENERATE_INFOPLIST_FILE = YES;
				MARKETING_VERSION = 1.0;
				PRODUCT_BUNDLE_IDENTIFIER = "CLC.Mod2AppCalculator-WidhalmUITests";
				PRODUCT_NAME = "$(TARGET_NAME)";
				SWIFT_EMIT_LOC_STRINGS = NO;
				SWIFT_VERSION = 5.0;
				TARGETED_DEVICE_FAMILY = "1,2";
				TEST_TARGET_NAME = Mod2AppCalculator_Widhalm;
			};
			name = Debug;
		};
		D8359CC228C77CD000BDE145 /* Release */ = {
			isa = XCBuildConfiguration;
			buildSettings = {
				ALWAYS_EMBED_SWIFT_STANDARD_LIBRARIES = YES;
				CODE_SIGN_STYLE = Automatic;
				CURRENT_PROJECT_VERSION = 1;
				DEVELOPMENT_TEAM = V7WH4PG3BA;
				GENERATE_INFOPLIST_FILE = YES;
				MARKETING_VERSION = 1.0;
				PRODUCT_BUNDLE_IDENTIFIER = "CLC.Mod2AppCalculator-WidhalmUITests";
				PRODUCT_NAME = "$(TARGET_NAME)";
				SWIFT_EMIT_LOC_STRINGS = NO;
				SWIFT_VERSION = 5.0;
				TARGETED_DEVICE_FAMILY = "1,2";
				TEST_TARGET_NAME = Mod2AppCalculator_Widhalm;
			};
			name = Release;
		};
/* End XCBuildConfiguration section */

/* Begin XCConfigurationList section */
		D8359C8828C77CCF00BDE145 /* Build configuration list for PBXProject "Mod2AppCalculator_Widhalm" */ = {
			isa = XCConfigurationList;
			buildConfigurations = (
				D8359CB828C77CD000BDE145 /* Debug */,
				D8359CB928C77CD000BDE145 /* Release */,
			);
			defaultConfigurationIsVisible = 0;
			defaultConfigurationName = Release;
		};
		D8359CBA28C77CD000BDE145 /* Build configuration list for PBXNativeTarget "Mod2AppCalculator_Widhalm" */ = {
			isa = XCConfigurationList;
			buildConfigurations = (
				D8359CBB28C77CD000BDE145 /* Debug */,
				D8359CBC28C77CD000BDE145 /* Release */,
			);
			defaultConfigurationIsVisible = 0;
			defaultConfigurationName = Release;
		};
		D8359CBD28C77CD000BDE145 /* Build configuration list for PBXNativeTarget "Mod2AppCalculator_WidhalmTests" */ = {
			isa = XCConfigurationList;
			buildConfigurations = (
				D8359CBE28C77CD000BDE145 /* Debug */,
				D8359CBF28C77CD000BDE145 /* Release */,
			);
			defaultConfigurationIsVisible = 0;
			defaultConfigurationName = Release;
		};
		D8359CC028C77CD000BDE145 /* Build configuration list for PBXNativeTarget "Mod2AppCalculator_WidhalmUITests" */ = {
			isa = XCConfigurationList;
			buildConfigurations = (
				D8359CC128C77CD000BDE145 /* Debug */,
				D8359CC228C77CD000BDE145 /* Release */,
			);
			defaultConfigurationIsVisible = 0;
			defaultConfigurationName = Release;
		};
/* End XCConfigurationList section */

/* Begin XCVersionGroup section */
		D8359C9928C77CCF00BDE145 /* Mod2AppCalculator_Widhalm.xcdatamodeld */ = {
			isa = XCVersionGroup;
			children = (
				D8359C9A28C77CCF00BDE145 /* Mod2AppCalculator_Widhalm.xcdatamodel */,
			);
			currentVersion = D8359C9A28C77CCF00BDE145 /* Mod2AppCalculator_Widhalm.xcdatamodel */;
			path = Mod2AppCalculator_Widhalm.xcdatamodeld;
			sourceTree = "<group>";
			versionGroupType = wrapper.xcdatamodel;
		};
/* End XCVersionGroup section */
	};
	rootObject = D8359C8528C77CCF00BDE145 /* Project object */;
}
